
Microsoft Visual Studio Solution File, Format Version 12.00
# Visual Studio Version 17
VisualStudioVersion = 17.4.33122.133
MinimumVisualStudioVersion = 10.0.40219.1
Project("{9A19103F-16F7-4668-BE54-9A1E7A4F7556}") = "TodoApiAzureFunctions", "TodoApiAzureFunctions.csproj", "{8833AE02-7E2E-4D32-8674-F19C468BF0DB}"
EndProject
Global
	GlobalSection(SolutionConfigurationPlatforms) = preSolution
		Debug|Any CPU = Debug|Any CPU
		Release|Any CPU = Release|Any CPU
	EndGlobalSection
	GlobalSection(ProjectConfigurationPlatforms) = postSolution
		{8833AE02-7E2E-4D32-8674-F19C468BF0DB}.Debug|Any CPU.ActiveCfg = Debug|Any CPU
		{8833AE02-7E2E-4D32-8674-F19C468BF0DB}.Debug|Any CPU.Build.0 = Debug|Any CPU
		{8833AE02-7E2E-4D32-8674-F19C468BF0DB}.Release|Any CPU.ActiveCfg = Release|Any CPU
		{8833AE02-7E2E-4D32-8674-F19C468BF0DB}.Release|Any CPU.Build.0 = Release|Any CPU
	EndGlobalSection
	GlobalSection(SolutionProperties) = preSolution
		HideSolutionNode = FALSE
	EndGlobalSection
	GlobalSection(ExtensibilityGlobals) = postSolution
		SolutionGuid = {D3F68F3C-5467-4E0D-9EE8-FBD49F7BFF02}
	EndGlobalSection
EndGlobal
